%{
  "buoy": {:git, "https://github.com/lpgauth/buoy.git", "410180cecd8e279a0b2d9dad291925516920e965", [tag: "0.2.4"]},
  "foil": {:git, "https://github.com/lpgauth/foil.git", "b55c30ff8b21daf89a85d1565d4b836c7f9e549b", [tag: "0.1.2"]},
  "granderl": {:git, "https://github.com/tokenrove/granderl.git", "baafd1bc825cb1fc022760eae913f774fa6af91b", [ref: "baafd1bc825cb1fc022760eae913f774fa6af91b"]},
  "jason": {:hex, :jason, "1.4.0", "e855647bc964a44e2f67df589ccf49105ae039d4179db7f6271dfd3843dc27e6", [:mix], [{:decimal, "~> 1.0 or ~> 2.0", [hex: :decimal, repo: "hexpm", optional: true]}], "hexpm", "79a3791085b2a0f743ca04cec0f7be26443738779d09302e01318f97bdb82121"},
  "metal": {:hex, :metal, "0.1.1", "5d3d1322da7bcd34b94fed5486f577973685298883954f7a3e517ef5ef6953f5", [:rebar3], [], "hexpm", "88b82b634998a1a768dedcd372c2f7e657b19445325c0af5ccbac62c77210f1d"},
  "shackle": {:git, "https://github.com/lpgauth/shackle.git", "a4f7d82d10115cf0d676582b638a56260be685d5", [tag: "0.6.19"]},
}
